Microsoft Visual Studio Solution File, Format Version 12.00
# Visual Studio Version 17
VisualStudioVersion = 17.5.2.0
MinimumVisualStudioVersion = 10.0.40219.1
Project("{FAE04EC0-301F-11D3-BF4B-00C04F79EFBC}") = "TDL Manager", "TDL Manager.csproj", "{F7DA1E13-2687-1274-1E7B-FE880061B344}"
EndProject
Global
	GlobalSection(SolutionConfigurationPlatforms) = preSolution
		Debug|Any CPU = Debug|Any CPU
		Release|Any CPU = Release|Any CPU
	EndGlobalSection
	GlobalSection(ProjectConfigurationPlatforms) = postSolution
		{F7DA1E13-2687-1274-1E7B-FE880061B344}.Debug|Any CPU.ActiveCfg = Debug|Any CPU
		{F7DA1E13-2687-1274-1E7B-FE880061B344}.Debug|Any CPU.Build.0 = Debug|Any CPU
		{F7DA1E13-2687-1274-1E7B-FE880061B344}.Release|Any CPU.ActiveCfg = Release|Any CPU
		{F7DA1E13-2687-1274-1E7B-FE880061B344}.Release|Any CPU.Build.0 = Release|Any CPU
	EndGlobalSection
	GlobalSection(SolutionProperties) = preSolution
		HideSolutionNode = FALSE
	EndGlobalSection
	GlobalSection(ExtensibilityGlobals) = postSolution
		SolutionGuid = {075C3059-C4BD-47FA-A0B8-F0E68DE38BA4}
	EndGlobalSection
EndGlobal
